
Microsoft Visual Studio Solution File, Format Version 12.00
# Visual Studio Version 17
VisualStudioVersion = 17.4.33205.214
MinimumVisualStudioVersion = 10.0.40219.1
Project("{9A19103F-16F7-4668-BE54-9A1E7A4F7556}") = "Helperx.Api", "Helperx.Api\Helperx.Api.csproj", "{BB94F811-AA89-47E1-BA12-59D155C3C731}"
EndProject
Project("{2150E333-8FDC-42A3-9474-1A3956D46DE8}") = "1 - Services", "1 - Services", "{F8801265-3580-40F5-BE84-37A791D6DFDC}"
EndProject
Project("{2150E333-8FDC-42A3-9474-1A3956D46DE8}") = "2 - Application", "2 - Application", "{ACF18B20-A583-4948-B2E9-6114C87A429A}"
EndProject
Project("{2150E333-8FDC-42A3-9474-1A3956D46DE8}") = "4 - Infra", "4 - Infra", "{033FA3BB-4413-40F3-B33A-D93FE5F3643A}"
EndProject
Project("{2150E333-8FDC-42A3-9474-1A3956D46DE8}") = "5 - Tests", "5 - Tests", "{F303FEED-2311-4722-9283-05B95DC15A6C}"
EndProject
Project("{2150E333-8FDC-42A3-9474-1A3956D46DE8}") = "3 - Domain", "3 - Domain", "{B5EBA33C-2C7F-45DE-877A-B0CE93F4D135}"
EndProject
Project("{2150E333-8FDC-42A3-9474-1A3956D46DE8}") = "4.1 - Data", "4.1 - Data", "{FFDCB5B2-D93B-4DE2-B371-3151D8254D89}"
EndProject
Project("{9A19103F-16F7-4668-BE54-9A1E7A4F7556}") = "Helperx.Consumer.Jobs", "Helperx.Consumer.Jobs\Helperx.Consumer.Jobs.csproj", "{A62CAAEA-C7D6-448C-8E4F-4695690A2656}"
EndProject
Project("{9A19103F-16F7-4668-BE54-9A1E7A4F7556}") = "Helperz.Domain", "Helperz.Domain\Helperz.Domain.csproj", "{767DBFD3-5F77-4302-8B15-CFB78138F5E6}"
EndProject
Project("{9A19103F-16F7-4668-BE54-9A1E7A4F7556}") = "Helperz.Application", "Helperz.Application\Helperz.Application.csproj", "{11E082E9-2565-45A8-8D0F-387462305FAD}"
EndProject
Project("{9A19103F-16F7-4668-BE54-9A1E7A4F7556}") = "Helperz.Infra.Data", "Helperz.Infra.Data\Helperz.Infra.Data.csproj", "{12AA59A1-04D8-4171-B5B3-755D86993C8D}"
EndProject
Global
	GlobalSection(SolutionConfigurationPlatforms) = preSolution
		Debug|Any CPU = Debug|Any CPU
		Release|Any CPU = Release|Any CPU
	EndGlobalSection
	GlobalSection(ProjectConfigurationPlatforms) = postSolution
		{BB94F811-AA89-47E1-BA12-59D155C3C731}.Debug|Any CPU.ActiveCfg = Debug|Any CPU
		{BB94F811-AA89-47E1-BA12-59D155C3C731}.Debug|Any CPU.Build.0 = Debug|Any CPU
		{BB94F811-AA89-47E1-BA12-59D155C3C731}.Release|Any CPU.ActiveCfg = Release|Any CPU
		{BB94F811-AA89-47E1-BA12-59D155C3C731}.Release|Any CPU.Build.0 = Release|Any CPU
		{A62CAAEA-C7D6-448C-8E4F-4695690A2656}.Debug|Any CPU.ActiveCfg = Debug|Any CPU
		{A62CAAEA-C7D6-448C-8E4F-4695690A2656}.Debug|Any CPU.Build.0 = Debug|Any CPU
		{A62CAAEA-C7D6-448C-8E4F-4695690A2656}.Release|Any CPU.ActiveCfg = Release|Any CPU
		{A62CAAEA-C7D6-448C-8E4F-4695690A2656}.Release|Any CPU.Build.0 = Release|Any CPU
		{767DBFD3-5F77-4302-8B15-CFB78138F5E6}.Debug|Any CPU.ActiveCfg = Debug|Any CPU
		{767DBFD3-5F77-4302-8B15-CFB78138F5E6}.Debug|Any CPU.Build.0 = Debug|Any CPU
		{767DBFD3-5F77-4302-8B15-CFB78138F5E6}.Release|Any CPU.ActiveCfg = Release|Any CPU
		{767DBFD3-5F77-4302-8B15-CFB78138F5E6}.Release|Any CPU.Build.0 = Release|Any CPU
		{11E082E9-2565-45A8-8D0F-387462305FAD}.Debug|Any CPU.ActiveCfg = Debug|Any CPU
		{11E082E9-2565-45A8-8D0F-387462305FAD}.Debug|Any CPU.Build.0 = Debug|Any CPU
		{11E082E9-2565-45A8-8D0F-387462305FAD}.Release|Any CPU.ActiveCfg = Release|Any CPU
		{11E082E9-2565-45A8-8D0F-387462305FAD}.Release|Any CPU.Build.0 = Release|Any CPU
		{12AA59A1-04D8-4171-B5B3-755D86993C8D}.Debug|Any CPU.ActiveCfg = Debug|Any CPU
		{12AA59A1-04D8-4171-B5B3-755D86993C8D}.Debug|Any CPU.Build.0 = Debug|Any CPU
		{12AA59A1-04D8-4171-B5B3-755D86993C8D}.Release|Any CPU.ActiveCfg = Release|Any CPU
		{12AA59A1-04D8-4171-B5B3-755D86993C8D}.Release|Any CPU.Build.0 = Release|Any CPU
	EndGlobalSection
	GlobalSection(SolutionProperties) = preSolution
		HideSolutionNode = FALSE
	EndGlobalSection
	GlobalSection(NestedProjects) = preSolution
		{BB94F811-AA89-47E1-BA12-59D155C3C731} = {F8801265-3580-40F5-BE84-37A791D6DFDC}
		{FFDCB5B2-D93B-4DE2-B371-3151D8254D89} = {033FA3BB-4413-40F3-B33A-D93FE5F3643A}
		{A62CAAEA-C7D6-448C-8E4F-4695690A2656} = {F8801265-3580-40F5-BE84-37A791D6DFDC}
		{767DBFD3-5F77-4302-8B15-CFB78138F5E6} = {B5EBA33C-2C7F-45DE-877A-B0CE93F4D135}
		{11E082E9-2565-45A8-8D0F-387462305FAD} = {ACF18B20-A583-4948-B2E9-6114C87A429A}
		{12AA59A1-04D8-4171-B5B3-755D86993C8D} = {FFDCB5B2-D93B-4DE2-B371-3151D8254D89}
	EndGlobalSection
	GlobalSection(ExtensibilityGlobals) = postSolution
		SolutionGuid = {A5866288-428C-483A-B21D-2FF053F012CE}
	EndGlobalSection
EndGlobal
